github.com/nice-pink/goutil v0.0.0-20240105144148-022b8d41141d h1:8GmuapMdkT7X0E2TircPhgY21mbweQgR23vSN8/ywSY=
github.com/nice-pink/goutil v0.0.0-20240105144148-022b8d41141d/go.mod h1:Q1MmrAIuePSpgepKVLGVsyzeDHoTfaWbY44eZBdaB4w=
github.com/nice-pink/goutil v0.0.0-20240105160327-5a83a9f287fa h1:N6fcC3+OEqysZ/VCQkJpEatsJRUKOFaHH+Dpi3duDJY=
github.com/nice-pink/goutil v0.0.0-20240105160327-5a83a9f287fa/go.mod h1:Q1MmrAIuePSpgepKVLGVsyzeDHoTfaWbY44eZBdaB4w=
github.com/nice-pink/goutil v0.0.1 h1:XztTyJ+Ox7DKcf/Jb3dopAS2BeNYjaYsNnJ2jkwhjpI=
github.com/nice-pink/goutil v0.0.1/go.mod h1:Q1MmrAIuePSpgepKVLGVsyzeDHoTfaWbY44eZBdaB4w=
github.com/nice-pink/goutil v0.0.2 h1:CDV/xh6cSNCmOAaLWP7KlEu2D9UqPuHgSe4oLJ7U1dc=
github.com/nice-pink/goutil v0.0.2/go.mod h1:Q1MmrAIuePSpgepKVLGVsyzeDHoTfaWbY44eZBdaB4w=
github.com/nice-pink/goutil v0.0.3 h1:ansmemfiBuz1ghN53o8ic4VZdeglqoawIU8EfTq2qT0=
github.com/nice-pink/goutil v0.0.3/go.mod h1:Q1MmrAIuePSpgepKVLGVsyzeDHoTfaWbY44eZBdaB4w=
github.com/nice-pink/goutil v0.0.4 h1:OKVMEiLjraF5WjcM/oA7HD7liSAbs5zjAyPjaQ4Ussk=
github.com/nice-pink/goutil v0.0.4/go.mod h1:Q1MmrAIuePSpgepKVLGVsyzeDHoTfaWbY44eZBdaB4w=
github.com/nice-pink/goutil v0.0.5 h1:guf595UgnoOv4EL/WekL+lVXbjkDUNipXgdGg90MJFw=
github.com/nice-pink/goutil v0.0.5/go.mod h1:Q1MmrAIuePSpgepKVLGVsyzeDHoTfaWbY44eZBdaB4w=
github.com/nice-pink/goutil v0.0.8 h1:VWLbDcj5sGEzkWBUw4kDPPn0o8Je+KhXngZSbOip2Xk=
github.com/nice-pink/goutil v0.0.8/go.mod h1:Q1MmrAIuePSpgepKVLGVsyzeDHoTfaWbY44eZBdaB4w=
github.com/nice-pink/goutil v0.0.9 h1:w5hD65W/z2aB95fDHE5zgHLYT8fHbQc1S0QhzpTKcI4=
github.com/nice-pink/goutil v0.0.9/go.mod h1:Q1MmrAIuePSpgepKVLGVsyzeDHoTfaWbY44eZBdaB4w=
github.com/nice-pink/goutil v0.0.10 h1:SyIe8ypZW9RofPi56Ns3DictF5AJppX05e5UUsTyVAU=
github.com/nice-pink/goutil v0.0.10/go.mod h1:Q1MmrAIuePSpgepKVLGVsyzeDHoTfaWbY44eZBdaB4w=
github.com/nice-pink/goutil v0.0.11 h1:j2aV6NyJo5e+KmXx+sCQI9E4BIWfzj+s7jEzxJhgDCg=
github.com/nice-pink/goutil v0.0.11/go.mod h1:Q1MmrAIuePSpgepKVLGVsyzeDHoTfaWbY44eZBdaB4w=
github.com/nice-pink/goutil v0.0.12 h1:Sa7MjG06ZRJXeUawJF1gmOC1eWk55sA0cReQUAPhPEo=
github.com/nice-pink/goutil v0.0.12/go.mod h1:Q1MmrAIuePSpgepKVLGVsyzeDHoTfaWbY44eZBdaB4w=
